// !$*UTF8*$!
{
	archiveVersion = 1;
	classes = {
	};
	objectVersion = 56;
	objects = {

/* Begin PBXBuildFile section */
		285AF48B2BE61D6400D1D09E /* AppDelegate.swift in Sources */ = {isa = PBXBuildFile; fileRef = 285AF48A2BE61D6400D1D09E /* AppDelegate.swift */; };
		285AF48D2BE61D6400D1D09E /* SceneDelegate.swift in Sources */ = {isa = PBXBuildFile; fileRef = 285AF48C2BE61D6400D1D09E /* SceneDelegate.swift */; };
		285AF4942BE61D6500D1D09E /* Assets.xcassets in Resources */ = {isa = PBXBuildFile; fileRef = 285AF4932BE61D6500D1D09E /* Assets.xcassets */; };
		285AF4A52BE61F3200D1D09E /* MapViewController.swift in Sources */ = {isa = PBXBuildFile; fileRef = 285AF4A42BE61F3200D1D09E /* MapViewController.swift */; };
		285AF4AC2BE6216000D1D09E /* MapViewModel.swift in Sources */ = {isa = PBXBuildFile; fileRef = 285AF4AB2BE6216000D1D09E /* MapViewModel.swift */; };
		285AF4AF2BE6217C00D1D09E /* MapService.swift in Sources */ = {isa = PBXBuildFile; fileRef = 285AF4AE2BE6217C00D1D09E /* MapService.swift */; };
		285AF4B12BE62C6400D1D09E /* BetshopsResponseModel.swift in Sources */ = {isa = PBXBuildFile; fileRef = 285AF4B02BE62C6400D1D09E /* BetshopsResponseModel.swift */; };
		285AF4B72BE64BBF00D1D09E /* CustomAnnotation.swift in Sources */ = {isa = PBXBuildFile; fileRef = 285AF4B62BE64BBF00D1D09E /* CustomAnnotation.swift */; };
		2861514D2BE7E81B00C40930 /* String+Ext.swift in Sources */ = {isa = PBXBuildFile; fileRef = 2861514C2BE7E81B00C40930 /* String+Ext.swift */; };
		2871C8BF2BE6DBA200C15320 /* Date+Ext.swift in Sources */ = {isa = PBXBuildFile; fileRef = 2871C8BE2BE6DBA200C15320 /* Date+Ext.swift */; };
		2871C8C12BE6E40900C15320 /* Assets.swift in Sources */ = {isa = PBXBuildFile; fileRef = 2871C8C02BE6E40900C15320 /* Assets.swift */; };
		289F41832BE66D9700F66017 /* SnapKit in Frameworks */ = {isa = PBXBuildFile; productRef = 289F41822BE66D9700F66017 /* SnapKit */; };
		289F41872BE6B3B300F66017 /* APIErrors.swift in Sources */ = {isa = PBXBuildFile; fileRef = 289F41862BE6B3B300F66017 /* APIErrors.swift */; };
		28DE187D2BE6C4CA004B8817 /* BetshopDetailsView.swift in Sources */ = {isa = PBXBuildFile; fileRef = 28DE187C2BE6C4CA004B8817 /* BetshopDetailsView.swift */; };
/* End PBXBuildFile section */

/* Begin PBXFileReference section */
		285AF4872BE61D6400D1D09E /* Betshops.app */ = {isa = PBXFileReference; explicitFileType = wrapper.application; includeInIndex = 0; path = Betshops.app; sourceTree = BUILT_PRODUCTS_DIR; };
		285AF48A2BE61D6400D1D09E /* AppDelegate.swift */ = {isa = PBXFileReference; lastKnownFileType = sourcecode.swift; path = AppDelegate.swift; sourceTree = "<group>"; };
		285AF48C2BE61D6400D1D09E /* SceneDelegate.swift */ = {isa = PBXFileReference; lastKnownFileType = sourcecode.swift; path = SceneDelegate.swift; sourceTree = "<group>"; };
		285AF4932BE61D6500D1D09E /* Assets.xcassets */ = {isa = PBXFileReference; lastKnownFileType = folder.assetcatalog; path = Assets.xcassets; sourceTree = "<group>"; };
		285AF4982BE61D6500D1D09E /* Info.plist */ = {isa = PBXFileReference; lastKnownFileType = text.plist.xml; path = Info.plist; sourceTree = "<group>"; };
		285AF4A42BE61F3200D1D09E /* MapViewController.swift */ = {isa = PBXFileReference; lastKnownFileType = sourcecode.swift; path = MapViewController.swift; sourceTree = "<group>"; };
		285AF4AB2BE6216000D1D09E /* MapViewModel.swift */ = {isa = PBXFileReference; lastKnownFileType = sourcecode.swift; path = MapViewModel.swift; sourceTree = "<group>"; };
		285AF4AE2BE6217C00D1D09E /* MapService.swift */ = {isa = PBXFileReference; lastKnownFileType = sourcecode.swift; path = MapService.swift; sourceTree = "<group>"; };
		285AF4B02BE62C6400D1D09E /* BetshopsResponseModel.swift */ = {isa = PBXFileReference; lastKnownFileType = sourcecode.swift; path = BetshopsResponseModel.swift; sourceTree = "<group>"; };
		285AF4B52BE63ACB00D1D09E /* Ausgburg.gpx */ = {isa = PBXFileReference; lastKnownFileType = text.xml; path = Ausgburg.gpx; sourceTree = "<group>"; };
		285AF4B62BE64BBF00D1D09E /* CustomAnnotation.swift */ = {isa = PBXFileReference; lastKnownFileType = sourcecode.swift; path = CustomAnnotation.swift; sourceTree = "<group>"; };
		2861514C2BE7E81B00C40930 /* String+Ext.swift */ = {isa = PBXFileReference; lastKnownFileType = sourcecode.swift; path = "String+Ext.swift"; sourceTree = "<group>"; };
		2871C8BE2BE6DBA200C15320 /* Date+Ext.swift */ = {isa = PBXFileReference; lastKnownFileType = sourcecode.swift; path = "Date+Ext.swift"; sourceTree = "<group>"; };
		2871C8C02BE6E40900C15320 /* Assets.swift */ = {isa = PBXFileReference; lastKnownFileType = sourcecode.swift; path = Assets.swift; sourceTree = "<group>"; };
		289F41862BE6B3B300F66017 /* APIErrors.swift */ = {isa = PBXFileReference; lastKnownFileType = sourcecode.swift; path = APIErrors.swift; sourceTree = "<group>"; };
		28DE187C2BE6C4CA004B8817 /* BetshopDetailsView.swift */ = {isa = PBXFileReference; lastKnownFileType = sourcecode.swift; path = BetshopDetailsView.swift; sourceTree = "<group>"; };
/* End PBXFileReference section */

/* Begin PBXFrameworksBuildPhase section */
		285AF4842BE61D6400D1D09E /* Frameworks */ = {
			isa = PBXFrameworksBuildPhase;
			buildActionMask = 2147483647;
			files = (
				289F41832BE66D9700F66017 /* SnapKit in Frameworks */,
			);
			runOnlyForDeploymentPostprocessing = 0;
		};
/* End PBXFrameworksBuildPhase section */

/* Begin PBXGroup section */
		285AF47E2BE61D6400D1D09E = {
			isa = PBXGroup;
			children = (
				285AF4892BE61D6400D1D09E /* Betshops */,
				285AF4882BE61D6400D1D09E /* Products */,
			);
			sourceTree = "<group>";
		};
		285AF4882BE61D6400D1D09E /* Products */ = {
			isa = PBXGroup;
			children = (
				285AF4872BE61D6400D1D09E /* Betshops.app */,
			);
			name = Products;
			sourceTree = "<group>";
		};
		285AF4892BE61D6400D1D09E /* Betshops */ = {
			isa = PBXGroup;
			children = (
				285AF4A32BE61E8300D1D09E /* Lifecycle */,
				285AF4B22BE6398C00D1D09E /* Helpers */,
				285AF4A22BE61DEF00D1D09E /* Extensions */,
				285AF4A02BE61DD900D1D09E /* Service */,
				285AF4A12BE61DE500D1D09E /* Model */,
				285AF49F2BE61DD100D1D09E /* ViewModel */,
				285AF49E2BE61DCA00D1D09E /* View */,
				285AF4932BE61D6500D1D09E /* Assets.xcassets */,
				285AF4982BE61D6500D1D09E /* Info.plist */,
			);
			path = Betshops;
			sourceTree = "<group>";
		};
		285AF49E2BE61DCA00D1D09E /* View */ = {
			isa = PBXGroup;
			children = (
				285AF4A42BE61F3200D1D09E /* MapViewController.swift */,
				28DE187C2BE6C4CA004B8817 /* BetshopDetailsView.swift */,
			);
			path = View;
			sourceTree = "<group>";
		};
		285AF49F2BE61DD100D1D09E /* ViewModel */ = {
			isa = PBXGroup;
			children = (
				285AF4AB2BE6216000D1D09E /* MapViewModel.swift */,
			);
			path = ViewModel;
			sourceTree = "<group>";
		};
		285AF4A02BE61DD900D1D09E /* Service */ = {
			isa = PBXGroup;
			children = (
				285AF4AE2BE6217C00D1D09E /* MapService.swift */,
			);
			path = Service;
			sourceTree = "<group>";
		};
		285AF4A12BE61DE500D1D09E /* Model */ = {
			isa = PBXGroup;
			children = (
				285AF4B02BE62C6400D1D09E /* BetshopsResponseModel.swift */,
			);
			path = Model;
			sourceTree = "<group>";
		};
		285AF4A22BE61DEF00D1D09E /* Extensions */ = {
			isa = PBXGroup;
			children = (
				2871C8BE2BE6DBA200C15320 /* Date+Ext.swift */,
				2861514C2BE7E81B00C40930 /* String+Ext.swift */,
			);
			path = Extensions;
			sourceTree = "<group>";
		};
		285AF4A32BE61E8300D1D09E /* Lifecycle */ = {
			isa = PBXGroup;
			children = (
				285AF48A2BE61D6400D1D09E /* AppDelegate.swift */,
				285AF48C2BE61D6400D1D09E /* SceneDelegate.swift */,
			);
			path = Lifecycle;
			sourceTree = "<group>";
		};
		285AF4B22BE6398C00D1D09E /* Helpers */ = {
			isa = PBXGroup;
			children = (
				289F41842BE6ABCB00F66017 /* Custom Annotations */,
				285AF4B32BE6399200D1D09E /* Custom Locations */,
				289F41862BE6B3B300F66017 /* APIErrors.swift */,
				2871C8C02BE6E40900C15320 /* Assets.swift */,
			);
			path = Helpers;
			sourceTree = "<group>";
		};
		285AF4B32BE6399200D1D09E /* Custom Locations */ = {
			isa = PBXGroup;
			children = (
				285AF4B52BE63ACB00D1D09E /* Ausgburg.gpx */,
			);
			path = "Custom Locations";
			sourceTree = "<group>";
		};
		289F41842BE6ABCB00F66017 /* Custom Annotations */ = {
			isa = PBXGroup;
			children = (
				285AF4B62BE64BBF00D1D09E /* CustomAnnotation.swift */,
			);
			path = "Custom Annotations";
			sourceTree = "<group>";
		};
/* End PBXGroup section */

/* Begin PBXNativeTarget section */
		285AF4862BE61D6400D1D09E /* Betshops */ = {
			isa = PBXNativeTarget;
			buildConfigurationList = 285AF49B2BE61D6500D1D09E /* Build configuration list for PBXNativeTarget "Betshops" */;
			buildPhases = (
				285AF4832BE61D6400D1D09E /* Sources */,
				285AF4842BE61D6400D1D09E /* Frameworks */,
				285AF4852BE61D6400D1D09E /* Resources */,
			);
			buildRules = (
			);
			dependencies = (
			);
			name = Betshops;
			packageProductDependencies = (
				289F41822BE66D9700F66017 /* SnapKit */,
			);
			productName = Betshops;
			productReference = 285AF4872BE61D6400D1D09E /* Betshops.app */;
			productType = "com.apple.product-type.application";
		};
/* End PBXNativeTarget section */

/* Begin PBXProject section */
		285AF47F2BE61D6400D1D09E /* Project object */ = {
			isa = PBXProject;
			attributes = {
				BuildIndependentTargetsInParallel = 1;
				LastSwiftUpdateCheck = 1520;
				LastUpgradeCheck = 1520;
				TargetAttributes = {
					285AF4862BE61D6400D1D09E = {
						CreatedOnToolsVersion = 15.2;
					};
				};
			};
			buildConfigurationList = 285AF4822BE61D6400D1D09E /* Build configuration list for PBXProject "Betshops" */;
			compatibilityVersion = "Xcode 14.0";
			developmentRegion = en;
			hasScannedForEncodings = 0;
			knownRegions = (
				en,
				Base,
			);
			mainGroup = 285AF47E2BE61D6400D1D09E;
			packageReferences = (
				289F41812BE66D9700F66017 /* XCRemoteSwiftPackageReference "SnapKit" */,
			);
			productRefGroup = 285AF4882BE61D6400D1D09E /* Products */;
			projectDirPath = "";
			projectRoot = "";
			targets = (
				285AF4862BE61D6400D1D09E /* Betshops */,
			);
		};
/* End PBXProject section */

/* Begin PBXResourcesBuildPhase section */
		285AF4852BE61D6400D1D09E /* Resources */ = {
			isa = PBXResourcesBuildPhase;
			buildActionMask = 2147483647;
			files = (
				285AF4942BE61D6500D1D09E /* Assets.xcassets in Resources */,
			);
			runOnlyForDeploymentPostprocessing = 0;
		};
/* End PBXResourcesBuildPhase section */

/* Begin PBXSourcesBuildPhase section */
		285AF4832BE61D6400D1D09E /* Sources */ = {
			isa = PBXSourcesBuildPhase;
			buildActionMask = 2147483647;
			files = (
				28DE187D2BE6C4CA004B8817 /* BetshopDetailsView.swift in Sources */,
				2871C8C12BE6E40900C15320 /* Assets.swift in Sources */,
				285AF4AF2BE6217C00D1D09E /* MapService.swift in Sources */,
				289F41872BE6B3B300F66017 /* APIErrors.swift in Sources */,
				285AF48B2BE61D6400D1D09E /* AppDelegate.swift in Sources */,
				285AF4A52BE61F3200D1D09E /* MapViewController.swift in Sources */,
				2861514D2BE7E81B00C40930 /* String+Ext.swift in Sources */,
				285AF48D2BE61D6400D1D09E /* SceneDelegate.swift in Sources */,
				285AF4AC2BE6216000D1D09E /* MapViewModel.swift in Sources */,
				285AF4B12BE62C6400D1D09E /* BetshopsResponseModel.swift in Sources */,
				285AF4B72BE64BBF00D1D09E /* CustomAnnotation.swift in Sources */,
				2871C8BF2BE6DBA200C15320 /* Date+Ext.swift in Sources */,
			);
			runOnlyForDeploymentPostprocessing = 0;
		};
/* End PBXSourcesBuildPhase section */

/* Begin XCBuildConfiguration section */
		285AF4992BE61D6500D1D09E /* Debug */ = {
			isa = XCBuildConfiguration;
			buildSettings = {
				ALWAYS_SEARCH_USER_PATHS = NO;
				ASSETCATALOG_COMPILER_GENERATE_SWIFT_ASSET_SYMBOL_EXTENSIONS = YES;
				CLANG_ANALYZER_NONNULL = YES;
				CLANG_ANALYZER_NUMBER_OBJECT_CONVERSION = YES_AGGRESSIVE;
				CLANG_CXX_LANGUAGE_STANDARD = "gnu++20";
				CLANG_ENABLE_MODULES = YES;
				CLANG_ENABLE_OBJC_ARC = YES;
				CLANG_ENABLE_OBJC_WEAK = YES;
				CLANG_WARN_BLOCK_CAPTURE_AUTORELEASING = YES;
				CLANG_WARN_BOOL_CONVERSION = YES;
				CLANG_WARN_COMMA = YES;
				CLANG_WARN_CONSTANT_CONVERSION = YES;
				CLANG_WARN_DEPRECATED_OBJC_IMPLEMENTATIONS = YES;
				CLANG_WARN_DIRECT_OBJC_ISA_USAGE = YES_ERROR;
				CLANG_WARN_DOCUMENTATION_COMMENTS = YES;
				CLANG_WARN_EMPTY_BODY = YES;
				CLANG_WARN_ENUM_CONVERSION = YES;
				CLANG_WARN_INFINITE_RECURSION = YES;
				CLANG_WARN_INT_CONVERSION = YES;
				CLANG_WARN_NON_LITERAL_NULL_CONVERSION = YES;
				CLANG_WARN_OBJC_IMPLICIT_RETAIN_SELF = YES;
				CLANG_WARN_OBJC_LITERAL_CONVERSION = YES;
				CLANG_WARN_OBJC_ROOT_CLASS = YES_ERROR;
				CLANG_WARN_QUOTED_INCLUDE_IN_FRAMEWORK_HEADER = YES;
				CLANG_WARN_RANGE_LOOP_ANALYSIS = YES;
				CLANG_WARN_STRICT_PROTOTYPES = YES;
				CLANG_WARN_SUSPICIOUS_MOVE = YES;
				CLANG_WARN_UNGUARDED_AVAILABILITY = YES_AGGRESSIVE;
				CLANG_WARN_UNREACHABLE_CODE = YES;
				CLANG_WARN__DUPLICATE_METHOD_MATCH = YES;
				COPY_PHASE_STRIP = NO;
				DEBUG_INFORMATION_FORMAT = dwarf;
				ENABLE_STRICT_OBJC_MSGSEND = YES;
				ENABLE_TESTABILITY = YES;
				ENABLE_USER_SCRIPT_SANDBOXING = YES;
				GCC_C_LANGUAGE_STANDARD = gnu17;
				GCC_DYNAMIC_NO_PIC = NO;
				GCC_NO_COMMON_BLOCKS = YES;
				GCC_OPTIMIZATION_LEVEL = 0;
				GCC_PREPROCESSOR_DEFINITIONS = (
					"DEBUG=1",
					"$(inherited)",
				);
				GCC_WARN_64_TO_32_BIT_CONVERSION = YES;
				GCC_WARN_ABOUT_RETURN_TYPE = YES_ERROR;
				GCC_WARN_UNDECLARED_SELECTOR = YES;
				GCC_WARN_UNINITIALIZED_AUTOS = YES_AGGRESSIVE;
				GCC_WARN_UNUSED_FUNCTION = YES;
				GCC_WARN_UNUSED_VARIABLE = YES;
				IPHONEOS_DEPLOYMENT_TARGET = 17.2;
				LOCALIZATION_PREFERS_STRING_CATALOGS = YES;
				MTL_ENABLE_DEBUG_INFO = INCLUDE_SOURCE;
				MTL_FAST_MATH = YES;
				ONLY_ACTIVE_ARCH = YES;
				SDKROOT = iphoneos;
				SWIFT_ACTIVE_COMPILATION_CONDITIONS = "DEBUG $(inherited)";
				SWIFT_OPTIMIZATION_LEVEL = "-Onone";
			};
			name = Debug;
		};
		285AF49A2BE61D6500D1D09E /* Release */ = {
			isa = XCBuildConfiguration;
			buildSettings = {
				ALWAYS_SEARCH_USER_PATHS = NO;
				ASSETCATALOG_COMPILER_GENERATE_SWIFT_ASSET_SYMBOL_EXTENSIONS = YES;
				CLANG_ANALYZER_NONNULL = YES;
				CLANG_ANALYZER_NUMBER_OBJECT_CONVERSION = YES_AGGRESSIVE;
				CLANG_CXX_LANGUAGE_STANDARD = "gnu++20";
				CLANG_ENABLE_MODULES = YES;
				CLANG_ENABLE_OBJC_ARC = YES;
				CLANG_ENABLE_OBJC_WEAK = YES;
				CLANG_WARN_BLOCK_CAPTURE_AUTORELEASING = YES;
				CLANG_WARN_BOOL_CONVERSION = YES;
				CLANG_WARN_COMMA = YES;
				CLANG_WARN_CONSTANT_CONVERSION = YES;
				CLANG_WARN_DEPRECATED_OBJC_IMPLEMENTATIONS = YES;
				CLANG_WARN_DIRECT_OBJC_ISA_USAGE = YES_ERROR;
				CLANG_WARN_DOCUMENTATION_COMMENTS = YES;
				CLANG_WARN_EMPTY_BODY = YES;
				CLANG_WARN_ENUM_CONVERSION = YES;
				CLANG_WARN_INFINITE_RECURSION = YES;
				CLANG_WARN_INT_CONVERSION = YES;
				CLANG_WARN_NON_LITERAL_NULL_CONVERSION = YES;
				CLANG_WARN_OBJC_IMPLICIT_RETAIN_SELF = YES;
				CLANG_WARN_OBJC_LITERAL_CONVERSION = YES;
				CLANG_WARN_OBJC_ROOT_CLASS = YES_ERROR;
				CLANG_WARN_QUOTED_INCLUDE_IN_FRAMEWORK_HEADER = YES;
				CLANG_WARN_RANGE_LOOP_ANALYSIS = YES;
				CLANG_WARN_STRICT_PROTOTYPES = YES;
				CLANG_WARN_SUSPICIOUS_MOVE = YES;
				CLANG_WARN_UNGUARDED_AVAILABILITY = YES_AGGRESSIVE;
				CLANG_WARN_UNREACHABLE_CODE = YES;
				CLANG_WARN__DUPLICATE_METHOD_MATCH = YES;
				COPY_PHASE_STRIP = NO;
				DEBUG_INFORMATION_FORMAT = "dwarf-with-dsym";
				ENABLE_NS_ASSERTIONS = NO;
				ENABLE_STRICT_OBJC_MSGSEND = YES;
				ENABLE_USER_SCRIPT_SANDBOXING = YES;
				GCC_C_LANGUAGE_STANDARD = gnu17;
				GCC_NO_COMMON_BLOCKS = YES;
				GCC_WARN_64_TO_32_BIT_CONVERSION = YES;
				GCC_WARN_ABOUT_RETURN_TYPE = YES_ERROR;
				GCC_WARN_UNDECLARED_SELECTOR = YES;
				GCC_WARN_UNINITIALIZED_AUTOS = YES_AGGRESSIVE;
				GCC_WARN_UNUSED_FUNCTION = YES;
				GCC_WARN_UNUSED_VARIABLE = YES;
				IPHONEOS_DEPLOYMENT_TARGET = 17.2;
				LOCALIZATION_PREFERS_STRING_CATALOGS = YES;
				MTL_ENABLE_DEBUG_INFO = NO;
				MTL_FAST_MATH = YES;
				SDKROOT = iphoneos;
				SWIFT_COMPILATION_MODE = wholemodule;
				VALIDATE_PRODUCT = YES;
			};
			name = Release;
		};
		285AF49C2BE61D6500D1D09E /* Debug */ = {
			isa = XCBuildConfiguration;
			buildSettings = {
				ASSETCATALOG_COMPILER_APPICON_NAME = AppIcon;
				ASSETCATALOG_COMPILER_GLOBAL_ACCENT_COLOR_NAME = AccentColor;
				CODE_SIGN_STYLE = Automatic;
				CURRENT_PROJECT_VERSION = 1;
				DEVELOPMENT_TEAM = 3U35B65W9R;
				GENERATE_INFOPLIST_FILE = YES;
				INFOPLIST_FILE = Betshops/Info.plist;
				INFOPLIST_KEY_UIApplicationSupportsIndirectInputEvents = YES;
				INFOPLIST_KEY_UILaunchStoryboardName = LaunchScreen;
				INFOPLIST_KEY_UISupportedInterfaceOrientations_iPad = "UIInterfaceOrientationPortrait UIInterfaceOrientationPortraitUpsideDown UIInterfaceOrientationLandscapeLeft UIInterfaceOrientationLandscapeRight";
				INFOPLIST_KEY_UISupportedInterfaceOrientations_iPhone = "UIInterfaceOrientationPortrait UIInterfaceOrientationLandscapeLeft UIInterfaceOrientationLandscapeRight";
				LD_RUNPATH_SEARCH_PATHS = (
					"$(inherited)",
					"@executable_path/Frameworks",
				);
				MARKETING_VERSION = 1.0;
				PRODUCT_BUNDLE_IDENTIFIER = lz.Betshops;
				PRODUCT_NAME = "$(TARGET_NAME)";
				SWIFT_EMIT_LOC_STRINGS = YES;
				SWIFT_VERSION = 5.0;
				TARGETED_DEVICE_FAMILY = "1,2";
			};
			name = Debug;
		};
		285AF49D2BE61D6500D1D09E /* Release */ = {
			isa = XCBuildConfiguration;
			buildSettings = {
				ASSETCATALOG_COMPILER_APPICON_NAME = AppIcon;
				ASSETCATALOG_COMPILER_GLOBAL_ACCENT_COLOR_NAME = AccentColor;
				CODE_SIGN_STYLE = Automatic;
				CURRENT_PROJECT_VERSION = 1;
				DEVELOPMENT_TEAM = 3U35B65W9R;
				GENERATE_INFOPLIST_FILE = YES;
				INFOPLIST_FILE = Betshops/Info.plist;
				INFOPLIST_KEY_UIApplicationSupportsIndirectInputEvents = YES;
				INFOPLIST_KEY_UILaunchStoryboardName = LaunchScreen;
				INFOPLIST_KEY_UISupportedInterfaceOrientations_iPad = "UIInterfaceOrientationPortrait UIInterfaceOrientationPortraitUpsideDown UIInterfaceOrientationLandscapeLeft UIInterfaceOrientationLandscapeRight";
				INFOPLIST_KEY_UISupportedInterfaceOrientations_iPhone = "UIInterfaceOrientationPortrait UIInterfaceOrientationLandscapeLeft UIInterfaceOrientationLandscapeRight";
				LD_RUNPATH_SEARCH_PATHS = (
					"$(inherited)",
					"@executable_path/Frameworks",
				);
				MARKETING_VERSION = 1.0;
				PRODUCT_BUNDLE_IDENTIFIER = lz.Betshops;
				PRODUCT_NAME = "$(TARGET_NAME)";
				SWIFT_EMIT_LOC_STRINGS = YES;
				SWIFT_VERSION = 5.0;
				TARGETED_DEVICE_FAMILY = "1,2";
			};
			name = Release;
		};
/* End XCBuildConfiguration section */

/* Begin XCConfigurationList section */
		285AF4822BE61D6400D1D09E /* Build configuration list for PBXProject "Betshops" */ = {
			isa = XCConfigurationList;
			buildConfigurations = (
				285AF4992BE61D6500D1D09E /* Debug */,
				285AF49A2BE61D6500D1D09E /* Release */,
			);
			defaultConfigurationIsVisible = 0;
			defaultConfigurationName = Release;
		};
		285AF49B2BE61D6500D1D09E /* Build configuration list for PBXNativeTarget "Betshops" */ = {
			isa = XCConfigurationList;
			buildConfigurations = (
				285AF49C2BE61D6500D1D09E /* Debug */,
				285AF49D2BE61D6500D1D09E /* Release */,
			);
			defaultConfigurationIsVisible = 0;
			defaultConfigurationName = Release;
		};
/* End XCConfigurationList section */

/* Begin XCRemoteSwiftPackageReference section */
		289F41812BE66D9700F66017 /* XCRemoteSwiftPackageReference "SnapKit" */ = {
			isa = XCRemoteSwiftPackageReference;
			repositoryURL = "https://github.com/SnapKit/SnapKit";
			requirement = {
				kind = upToNextMajorVersion;
				minimumVersion = 5.7.1;
			};
		};
/* End XCRemoteSwiftPackageReference section */

/* Begin XCSwiftPackageProductDependency section */
		289F41822BE66D9700F66017 /* SnapKit */ = {
			isa = XCSwiftPackageProductDependency;
			package = 289F41812BE66D9700F66017 /* XCRemoteSwiftPackageReference "SnapKit" */;
			productName = SnapKit;
		};
/* End XCSwiftPackageProductDependency section */
	};
	rootObject = 285AF47F2BE61D6400D1D09E /* Project object */;
}
